
Microsoft Visual Studio Solution File, Format Version 12.00
# Visual Studio Version 17
VisualStudioVersion = 17.3.32811.315
MinimumVisualStudioVersion = 10.0.40219.1
Project("{FAE04EC0-301F-11D3-BF4B-00C04F79EFBC}") = "Lista1PR2Emanuela", "Lista1PR2Emanuela\Lista1PR2Emanuela.csproj", "{55E91873-DC7D-4D43-B9A6-F10461FD3870}"
EndProject
Global
	GlobalSection(SolutionConfigurationPlatforms) = preSolution
		Debug|Any CPU = Debug|Any CPU
		Release|Any CPU = Release|Any CPU
	EndGlobalSection
	GlobalSection(ProjectConfigurationPlatforms) = postSolution
		{55E91873-DC7D-4D43-B9A6-F10461FD3870}.Debug|Any CPU.ActiveCfg = Debug|Any CPU
		{55E91873-DC7D-4D43-B9A6-F10461FD3870}.Debug|Any CPU.Build.0 = Debug|Any CPU
		{55E91873-DC7D-4D43-B9A6-F10461FD3870}.Release|Any CPU.ActiveCfg = Release|Any CPU
		{55E91873-DC7D-4D43-B9A6-F10461FD3870}.Release|Any CPU.Build.0 = Release|Any CPU
	EndGlobalSection
	GlobalSection(SolutionProperties) = preSolution
		HideSolutionNode = FALSE
	EndGlobalSection
	GlobalSection(ExtensibilityGlobals) = postSolution
		SolutionGuid = {31BEE2E1-5F99-43DA-A779-BCAC1F0ED927}
	EndGlobalSection
EndGlobal
